
Microsoft Visual Studio Solution File, Format Version 12.00
# Visual Studio 15
VisualStudioVersion = 15.0.27130.2024
MinimumVisualStudioVersion = 10.0.40219.1
Project("{FAE04EC0-301F-11D3-BF4B-00C04F79EFBC}") = "WindowsFormsApplication2", "WindowsFormsApplication2\WindowsFormsApplication2.csproj", "{EDB417D6-F7AD-4C2E-8551-2C7111B171B0}"
EndProject
Global
	GlobalSection(SolutionConfigurationPlatforms) = preSolution
		Debug|Any CPU = Debug|Any CPU
		Release|Any CPU = Release|Any CPU
	EndGlobalSection
	GlobalSection(ProjectConfigurationPlatforms) = postSolution
		{EDB417D6-F7AD-4C2E-8551-2C7111B171B0}.Debug|Any CPU.ActiveCfg = Debug|Any CPU
		{EDB417D6-F7AD-4C2E-8551-2C7111B171B0}.Debug|Any CPU.Build.0 = Debug|Any CPU
		{EDB417D6-F7AD-4C2E-8551-2C7111B171B0}.Release|Any CPU.ActiveCfg = Release|Any CPU
		{EDB417D6-F7AD-4C2E-8551-2C7111B171B0}.Release|Any CPU.Build.0 = Release|Any CPU
	EndGlobalSection
	GlobalSection(SolutionProperties) = preSolution
		HideSolutionNode = FALSE
	EndGlobalSection
	GlobalSection(ExtensibilityGlobals) = postSolution
		SolutionGuid = {597B1F34-F45A-43F7-9966-4764C800EE27}
	EndGlobalSection
EndGlobal
